
Microsoft Visual Studio Solution File, Format Version 12.00
# Visual Studio Version 17
VisualStudioVersion = 17.9.34616.47
MinimumVisualStudioVersion = 10.0.40219.1
Project("{FAE04EC0-301F-11D3-BF4B-00C04F79EFBC}") = "SistemaVehiculos", "SistemaVehiculos.csproj", "{336A65E2-B861-4FCB-BB2C-708ED92C44E2}"
EndProject
Global
	GlobalSection(SolutionConfigurationPlatforms) = preSolution
		Debug|Any CPU = Debug|Any CPU
		Release|Any CPU = Release|Any CPU
	EndGlobalSection
	GlobalSection(ProjectConfigurationPlatforms) = postSolution
		{336A65E2-B861-4FCB-BB2C-708ED92C44E2}.Debug|Any CPU.ActiveCfg = Debug|Any CPU
		{336A65E2-B861-4FCB-BB2C-708ED92C44E2}.Debug|Any CPU.Build.0 = Debug|Any CPU
		{336A65E2-B861-4FCB-BB2C-708ED92C44E2}.Release|Any CPU.ActiveCfg = Release|Any CPU
		{336A65E2-B861-4FCB-BB2C-708ED92C44E2}.Release|Any CPU.Build.0 = Release|Any CPU
	EndGlobalSection
	GlobalSection(SolutionProperties) = preSolution
		HideSolutionNode = FALSE
	EndGlobalSection
	GlobalSection(ExtensibilityGlobals) = postSolution
		SolutionGuid = {AF0AFE41-9DB6-4864-A12A-9F36403E7D8C}
	EndGlobalSection
EndGlobal
